
Microsoft Visual Studio Solution File, Format Version 12.00
# Visual Studio Version 16
VisualStudioVersion = 16.0.30406.217
MinimumVisualStudioVersion = 10.0.40219.1
Project("{F184B08F-C81C-45F6-A57F-5ABD9991F28F}") = "isps_web", "isps_web\isps_web.vbproj", "{15F1DF09-EAEC-4BF1-82C8-FE3A3C063DF2}"
EndProject
Global
	GlobalSection(SolutionConfigurationPlatforms) = preSolution
		Debug|Any CPU = Debug|Any CPU
		Release|Any CPU = Release|Any CPU
	EndGlobalSection
	GlobalSection(ProjectConfigurationPlatforms) = postSolution
		{15F1DF09-EAEC-4BF1-82C8-FE3A3C063DF2}.Debug|Any CPU.ActiveCfg = Debug|Any CPU
		{15F1DF09-EAEC-4BF1-82C8-FE3A3C063DF2}.Debug|Any CPU.Build.0 = Debug|Any CPU
		{15F1DF09-EAEC-4BF1-82C8-FE3A3C063DF2}.Release|Any CPU.ActiveCfg = Release|Any CPU
		{15F1DF09-EAEC-4BF1-82C8-FE3A3C063DF2}.Release|Any CPU.Build.0 = Release|Any CPU
	EndGlobalSection
	GlobalSection(SolutionProperties) = preSolution
		HideSolutionNode = FALSE
	EndGlobalSection
	GlobalSection(ExtensibilityGlobals) = postSolution
		SolutionGuid = {3B692CC7-9137-48C3-A841-53E3A2DEAE5C}
	EndGlobalSection
EndGlobal
